
Microsoft Visual Studio Solution File, Format Version 12.00
# Visual Studio Version 16
VisualStudioVersion = 16.0.33214.272
MinimumVisualStudioVersion = 10.0.40219.1
Project("{FAE04EC0-301F-11D3-BF4B-00C04F79EFBC}") = "Program 4 CIS2324 Student File - Aashiya Vahora", "Program 4 CIS2324 Student File - Aashiya Vahora.csproj", "{CE03D46D-710B-4126-BBED-BFCA50680E83}"
EndProject
Global
	GlobalSection(SolutionConfigurationPlatforms) = preSolution
		Debug|Any CPU = Debug|Any CPU
		Release|Any CPU = Release|Any CPU
	EndGlobalSection
	GlobalSection(ProjectConfigurationPlatforms) = postSolution
		{CE03D46D-710B-4126-BBED-BFCA50680E83}.Debug|Any CPU.ActiveCfg = Debug|Any CPU
		{CE03D46D-710B-4126-BBED-BFCA50680E83}.Debug|Any CPU.Build.0 = Debug|Any CPU
		{CE03D46D-710B-4126-BBED-BFCA50680E83}.Release|Any CPU.ActiveCfg = Release|Any CPU
		{CE03D46D-710B-4126-BBED-BFCA50680E83}.Release|Any CPU.Build.0 = Release|Any CPU
	EndGlobalSection
	GlobalSection(SolutionProperties) = preSolution
		HideSolutionNode = FALSE
	EndGlobalSection
	GlobalSection(ExtensibilityGlobals) = postSolution
		SolutionGuid = {A4255BA9-B460-48BA-9426-F1515D98F1CC}
	EndGlobalSection
EndGlobal
