
Microsoft Visual Studio Solution File, Format Version 12.00
# Visual Studio Version 16
VisualStudioVersion = 16.0.33214.272
MinimumVisualStudioVersion = 10.0.40219.1
Project("{FAE04EC0-301F-11D3-BF4B-00C04F79EFBC}") = "Program 11 2 Forms - Aashiya Vahora", "Program 11 2 Forms - Aashiya Vahora.csproj", "{52C1427D-8457-4A1C-A1B2-CF8EFC595313}"
EndProject
Global
	GlobalSection(SolutionConfigurationPlatforms) = preSolution
		Debug|Any CPU = Debug|Any CPU
		Release|Any CPU = Release|Any CPU
	EndGlobalSection
	GlobalSection(ProjectConfigurationPlatforms) = postSolution
		{52C1427D-8457-4A1C-A1B2-CF8EFC595313}.Debug|Any CPU.ActiveCfg = Debug|Any CPU
		{52C1427D-8457-4A1C-A1B2-CF8EFC595313}.Debug|Any CPU.Build.0 = Debug|Any CPU
		{52C1427D-8457-4A1C-A1B2-CF8EFC595313}.Release|Any CPU.ActiveCfg = Release|Any CPU
		{52C1427D-8457-4A1C-A1B2-CF8EFC595313}.Release|Any CPU.Build.0 = Release|Any CPU
	EndGlobalSection
	GlobalSection(SolutionProperties) = preSolution
		HideSolutionNode = FALSE
	EndGlobalSection
	GlobalSection(ExtensibilityGlobals) = postSolution
		SolutionGuid = {B5CDF584-8D3F-4BD3-8370-0579386E3C55}
	EndGlobalSection
EndGlobal
